
Microsoft Visual Studio Solution File, Format Version 12.00
# Visual Studio 15
VisualStudioVersion = 15.0.28010.2036
MinimumVisualStudioVersion = 10.0.40219.1
Project("{8BC9CEB8-8B4A-11D0-8D11-00A0C91BC942}") = "Example6", "Example6.vcxproj", "{0CD0B836-79CE-467E-A307-20CD04DCF161}"
EndProject
Global
	GlobalSection(SolutionConfigurationPlatforms) = preSolution
		Debug|Win32 = Debug|Win32
		Debug|x64 = Debug|x64
		Release|Win32 = Release|Win32
		Release|x64 = Release|x64
	EndGlobalSection
	GlobalSection(ProjectConfigurationPlatforms) = postSolution
		{0CD0B836-79CE-467E-A307-20CD04DCF161}.Debug|Win32.ActiveCfg = Debug|Win32
		{0CD0B836-79CE-467E-A307-20CD04DCF161}.Debug|Win32.Build.0 = Debug|Win32
		{0CD0B836-79CE-467E-A307-20CD04DCF161}.Debug|x64.ActiveCfg = Debug|x64
		{0CD0B836-79CE-467E-A307-20CD04DCF161}.Debug|x64.Build.0 = Debug|x64
		{0CD0B836-79CE-467E-A307-20CD04DCF161}.Release|Win32.ActiveCfg = Release|Win32
		{0CD0B836-79CE-467E-A307-20CD04DCF161}.Release|Win32.Build.0 = Release|Win32
		{0CD0B836-79CE-467E-A307-20CD04DCF161}.Release|x64.ActiveCfg = Release|x64
		{0CD0B836-79CE-467E-A307-20CD04DCF161}.Release|x64.Build.0 = Release|x64
	EndGlobalSection
	GlobalSection(SolutionProperties) = preSolution
		HideSolutionNode = FALSE
	EndGlobalSection
	GlobalSection(ExtensibilityGlobals) = postSolution
		SolutionGuid = {86C8259B-4D37-4796-B74F-41BCE5A9C5BA}
	EndGlobalSection
EndGlobal
